
Microsoft Visual Studio Solution File, Format Version 11.00
# Visual Studio 2010
Project("{FAE04EC0-301F-11D3-BF4B-00C04F79EFBC}") = "LanSoft", "LanSoft.csproj", "{3174C47A-4F85-4108-AF67-82347B0B9F2F}"
EndProject
Project("{2150E333-8FDC-42A3-9474-1A3956D46DE8}") = "Requirements", "Requirements", "{44FAE9CF-A1A4-47D2-9085-634DA355143F}"
	ProjectSection(SolutionItems) = preProject
		Requirements\bsdkw30012eu.exe = Requirements\bsdkw30012eu.exe
		Requirements\mysql.data.msi = Requirements\mysql.data.msi
	EndProjectSection
EndProject
Global
	GlobalSection(TeamFoundationVersionControl) = preSolution
		SccNumberOfProjects = 2
		SccEnterpriseProvider = {4CA58AB2-18FA-4F8D-95D4-32DDF27D184C}
		SccTeamFoundationServer = https://tfs.codeplex.com/tfs/tfs32
		SccLocalPath0 = .
		SccProjectUniqueName1 = LanSoft.csproj
		SccLocalPath1 = .
	EndGlobalSection
	GlobalSection(SolutionConfigurationPlatforms) = preSolution
		Debug|Any CPU = Debug|Any CPU
		Release|Any CPU = Release|Any CPU
	EndGlobalSection
	GlobalSection(ProjectConfigurationPlatforms) = postSolution
		{3174C47A-4F85-4108-AF67-82347B0B9F2F}.Debug|Any CPU.ActiveCfg = Debug|Any CPU
		{3174C47A-4F85-4108-AF67-82347B0B9F2F}.Debug|Any CPU.Build.0 = Debug|Any CPU
		{3174C47A-4F85-4108-AF67-82347B0B9F2F}.Release|Any CPU.ActiveCfg = Release|Any CPU
		{3174C47A-4F85-4108-AF67-82347B0B9F2F}.Release|Any CPU.Build.0 = Release|Any CPU
	EndGlobalSection
	GlobalSection(SolutionProperties) = preSolution
		HideSolutionNode = FALSE
	EndGlobalSection
	GlobalSection(SubversionScc) = preSolution
		Svn-Managed = True
		Manager = AnkhSVN - Subversion Support for Visual Studio
	EndGlobalSection
EndGlobal
